# This file was autogenerated by Stack.
# You should not edit this file by hand.
# For more information, please see the documentation at:
#   https://docs.haskellstack.org/en/stable/lock_files

packages: []
snapshots:
- completed:
    size: 343569
    url: https://raw.githubusercontent.com/commercialhaskell/stackage-snapshots/master/nightly/2018/10/21.yaml
    sha256: 79e95ff040f73e9fa1d9cded6ccdebc6fe021215c11cb4d8069551fafafd3ba2
  original: nightly-2018-10-21
