# This file was autogenerated by Stack.
# You should not edit this file by hand.
# For more information, please see the documentation at:
#   https://docs.haskellstack.org/en/stable/lock_files

packages: []
snapshots:
- completed:
    size: 426142
    url: https://raw.githubusercontent.com/commercialhaskell/stackage-snapshots/master/lts/6/31.yaml
    sha256: 5f2b7f10cfc0c94eb32dbd1be2dd50bd0c61ef4c325a930426351a1997d8c749
  original: lts-6.31
